
Microsoft Visual Studio Solution File, Format Version 12.00
Project("{FAE04EC0-301F-11D3-BF4B-00C04F79EFBC}") = "osu2013server", "osu2013server\osu2013server.csproj", "{5BB1F5E1-A207-43CF-989E-016CF19618C0}"
EndProject
Global
	GlobalSection(SolutionConfigurationPlatforms) = preSolution
		Debug|Any CPU = Debug|Any CPU
		Release|Any CPU = Release|Any CPU
	EndGlobalSection
	GlobalSection(ProjectConfigurationPlatforms) = postSolution
		{5BB1F5E1-A207-43CF-989E-016CF19618C0}.Debug|Any CPU.ActiveCfg = Debug|Any CPU
		{5BB1F5E1-A207-43CF-989E-016CF19618C0}.Debug|Any CPU.Build.0 = Debug|Any CPU
		{5BB1F5E1-A207-43CF-989E-016CF19618C0}.Release|Any CPU.ActiveCfg = Release|Any CPU
		{5BB1F5E1-A207-43CF-989E-016CF19618C0}.Release|Any CPU.Build.0 = Release|Any CPU
	EndGlobalSection
EndGlobal
